
Microsoft Visual Studio Solution File, Format Version 12.00
# Visual Studio Version 17
VisualStudioVersion = 17.8.34511.84
MinimumVisualStudioVersion = 10.0.40219.1
Project("{FAE04EC0-301F-11D3-BF4B-00C04F79EFBC}") = "StudentManagementSystem", "StudentManagementSystem.csproj", "{8187B513-8415-4FDF-86BE-B8787E082A6C}"
EndProject
Global
	GlobalSection(SolutionConfigurationPlatforms) = preSolution
		Debug|Any CPU = Debug|Any CPU
		Release|Any CPU = Release|Any CPU
	EndGlobalSection
	GlobalSection(ProjectConfigurationPlatforms) = postSolution
		{8187B513-8415-4FDF-86BE-B8787E082A6C}.Debug|Any CPU.ActiveCfg = Debug|Any CPU
		{8187B513-8415-4FDF-86BE-B8787E082A6C}.Debug|Any CPU.Build.0 = Debug|Any CPU
		{8187B513-8415-4FDF-86BE-B8787E082A6C}.Release|Any CPU.ActiveCfg = Release|Any CPU
		{8187B513-8415-4FDF-86BE-B8787E082A6C}.Release|Any CPU.Build.0 = Release|Any CPU
	EndGlobalSection
	GlobalSection(SolutionProperties) = preSolution
		HideSolutionNode = FALSE
	EndGlobalSection
	GlobalSection(ExtensibilityGlobals) = postSolution
		SolutionGuid = {F93CB2F6-0BAC-4E24-B80B-602BD6DB16FE}
	EndGlobalSection
EndGlobal
